
Microsoft Visual Studio Solution File, Format Version 12.00
# Visual Studio 15
VisualStudioVersion = 15.0.28307.1145
MinimumVisualStudioVersion = 10.0.40219.1
Project("{FAE04EC0-301F-11D3-BF4B-00C04F79EFBC}") = "TicariOtomasyon", "TicariOtomasyon\TicariOtomasyon.csproj", "{575B6A34-90B3-47CA-8B7E-8007A34EB147}"
EndProject
Global
	GlobalSection(SolutionConfigurationPlatforms) = preSolution
		Debug|Any CPU = Debug|Any CPU
		Release|Any CPU = Release|Any CPU
	EndGlobalSection
	GlobalSection(ProjectConfigurationPlatforms) = postSolution
		{575B6A34-90B3-47CA-8B7E-8007A34EB147}.Debug|Any CPU.ActiveCfg = Debug|Any CPU
		{575B6A34-90B3-47CA-8B7E-8007A34EB147}.Debug|Any CPU.Build.0 = Debug|Any CPU
		{575B6A34-90B3-47CA-8B7E-8007A34EB147}.Release|Any CPU.ActiveCfg = Release|Any CPU
		{575B6A34-90B3-47CA-8B7E-8007A34EB147}.Release|Any CPU.Build.0 = Release|Any CPU
	EndGlobalSection
	GlobalSection(SolutionProperties) = preSolution
		HideSolutionNode = FALSE
	EndGlobalSection
	GlobalSection(ExtensibilityGlobals) = postSolution
		SolutionGuid = {E97510E5-59C7-4C79-AD67-02A3126F87E0}
	EndGlobalSection
EndGlobal
